
Microsoft Visual Studio Solution File, Format Version 12.00
# Visual Studio 15
VisualStudioVersion = 15.0.28307.421
MinimumVisualStudioVersion = 10.0.40219.1
Project("{FAE04EC0-301F-11D3-BF4B-00C04F79EFBC}") = "Mini_proj_3", "Mini_proj_3\Mini_proj_3.csproj", "{A071F7FB-6F47-44AA-A076-F289965C715F}"
EndProject
Global
	GlobalSection(SolutionConfigurationPlatforms) = preSolution
		Debug|Any CPU = Debug|Any CPU
		Release|Any CPU = Release|Any CPU
	EndGlobalSection
	GlobalSection(ProjectConfigurationPlatforms) = postSolution
		{A071F7FB-6F47-44AA-A076-F289965C715F}.Debug|Any CPU.ActiveCfg = Debug|Any CPU
		{A071F7FB-6F47-44AA-A076-F289965C715F}.Debug|Any CPU.Build.0 = Debug|Any CPU
		{A071F7FB-6F47-44AA-A076-F289965C715F}.Release|Any CPU.ActiveCfg = Release|Any CPU
		{A071F7FB-6F47-44AA-A076-F289965C715F}.Release|Any CPU.Build.0 = Release|Any CPU
	EndGlobalSection
	GlobalSection(SolutionProperties) = preSolution
		HideSolutionNode = FALSE
	EndGlobalSection
	GlobalSection(ExtensibilityGlobals) = postSolution
		SolutionGuid = {0252F138-42CE-4B3D-A35D-83DBB686EB8A}
	EndGlobalSection
EndGlobal
