
Microsoft Visual Studio Solution File, Format Version 12.00
# Visual Studio 15
VisualStudioVersion = 15.0.28307.421
MinimumVisualStudioVersion = 10.0.40219.1
Project("{FAE04EC0-301F-11D3-BF4B-00C04F79EFBC}") = "2", "2\2.csproj", "{204029A8-1067-4903-9675-E3B4D6F9BDE1}"
EndProject
Global
	GlobalSection(SolutionConfigurationPlatforms) = preSolution
		Debug|Any CPU = Debug|Any CPU
		Release|Any CPU = Release|Any CPU
	EndGlobalSection
	GlobalSection(ProjectConfigurationPlatforms) = postSolution
		{204029A8-1067-4903-9675-E3B4D6F9BDE1}.Debug|Any CPU.ActiveCfg = Debug|Any CPU
		{204029A8-1067-4903-9675-E3B4D6F9BDE1}.Debug|Any CPU.Build.0 = Debug|Any CPU
		{204029A8-1067-4903-9675-E3B4D6F9BDE1}.Release|Any CPU.ActiveCfg = Release|Any CPU
		{204029A8-1067-4903-9675-E3B4D6F9BDE1}.Release|Any CPU.Build.0 = Release|Any CPU
	EndGlobalSection
	GlobalSection(SolutionProperties) = preSolution
		HideSolutionNode = FALSE
	EndGlobalSection
	GlobalSection(ExtensibilityGlobals) = postSolution
		SolutionGuid = {D527011B-0CB4-47A1-A6C1-05AE1877E1EA}
	EndGlobalSection
EndGlobal
