
Microsoft Visual Studio Solution File, Format Version 12.00
# Visual Studio 15
VisualStudioVersion = 15.0.28307.421
MinimumVisualStudioVersion = 10.0.40219.1
Project("{FAE04EC0-301F-11D3-BF4B-00C04F79EFBC}") = "WindowsFormsApp6", "WindowsFormsApp6\WindowsFormsApp6.csproj", "{A5439526-90B3-45D7-AAA2-5A7C54CE6359}"
EndProject
Global
	GlobalSection(SolutionConfigurationPlatforms) = preSolution
		Debug|Any CPU = Debug|Any CPU
		Release|Any CPU = Release|Any CPU
	EndGlobalSection
	GlobalSection(ProjectConfigurationPlatforms) = postSolution
		{A5439526-90B3-45D7-AAA2-5A7C54CE6359}.Debug|Any CPU.ActiveCfg = Debug|Any CPU
		{A5439526-90B3-45D7-AAA2-5A7C54CE6359}.Debug|Any CPU.Build.0 = Debug|Any CPU
		{A5439526-90B3-45D7-AAA2-5A7C54CE6359}.Release|Any CPU.ActiveCfg = Release|Any CPU
		{A5439526-90B3-45D7-AAA2-5A7C54CE6359}.Release|Any CPU.Build.0 = Release|Any CPU
	EndGlobalSection
	GlobalSection(SolutionProperties) = preSolution
		HideSolutionNode = FALSE
	EndGlobalSection
	GlobalSection(ExtensibilityGlobals) = postSolution
		SolutionGuid = {3741DF59-AADA-4B06-ABAC-2B6F5BE2B320}
	EndGlobalSection
EndGlobal
