
Microsoft Visual Studio Solution File, Format Version 12.00
# Visual Studio 15
VisualStudioVersion = 15.0.28307.421
MinimumVisualStudioVersion = 10.0.40219.1
Project("{FAE04EC0-301F-11D3-BF4B-00C04F79EFBC}") = "4.2", "4.2\4.2.csproj", "{DF791EDA-4532-4D9E-94D0-CF45A78EC46D}"
EndProject
Global
	GlobalSection(SolutionConfigurationPlatforms) = preSolution
		Debug|Any CPU = Debug|Any CPU
		Release|Any CPU = Release|Any CPU
	EndGlobalSection
	GlobalSection(ProjectConfigurationPlatforms) = postSolution
		{DF791EDA-4532-4D9E-94D0-CF45A78EC46D}.Debug|Any CPU.ActiveCfg = Debug|Any CPU
		{DF791EDA-4532-4D9E-94D0-CF45A78EC46D}.Debug|Any CPU.Build.0 = Debug|Any CPU
		{DF791EDA-4532-4D9E-94D0-CF45A78EC46D}.Release|Any CPU.ActiveCfg = Release|Any CPU
		{DF791EDA-4532-4D9E-94D0-CF45A78EC46D}.Release|Any CPU.Build.0 = Release|Any CPU
	EndGlobalSection
	GlobalSection(SolutionProperties) = preSolution
		HideSolutionNode = FALSE
	EndGlobalSection
	GlobalSection(ExtensibilityGlobals) = postSolution
		SolutionGuid = {9F3D3715-AB13-4669-9B2E-29F333484541}
	EndGlobalSection
EndGlobal
